
Microsoft Visual Studio Solution File, Format Version 12.00
# Visual Studio 14
VisualStudioVersion = 14.0.25420.1
MinimumVisualStudioVersion = 10.0.40219.1
Project("{FAE04EC0-301F-11D3-BF4B-00C04F79EFBC}") = "ADAPI", "ADAPI\ADAPI.csproj", "{CD8DAF56-5A40-462F-BF84-73A0954554C5}"
EndProject
Project("{FAE04EC0-301F-11D3-BF4B-00C04F79EFBC}") = "ADAPI.Data", "ADAPI.Data\ADAPI.Data.csproj", "{5C0D3225-878D-4817-95B6-D7EBE8C82D21}"
EndProject
Project("{FAE04EC0-301F-11D3-BF4B-00C04F79EFBC}") = "ADAPI.Tests", "ADAPI.Tests\ADAPI.Tests.csproj", "{6F3A1C50-9AF4-4AF6-BECB-A0BC02AC9695}"
EndProject
Global
	GlobalSection(SolutionConfigurationPlatforms) = preSolution
		Debug|Any CPU = Debug|Any CPU
		Release|Any CPU = Release|Any CPU
	EndGlobalSection
	GlobalSection(ProjectConfigurationPlatforms) = postSolution
		{CD8DAF56-5A40-462F-BF84-73A0954554C5}.Debug|Any CPU.ActiveCfg = Debug|Any CPU
		{CD8DAF56-5A40-462F-BF84-73A0954554C5}.Debug|Any CPU.Build.0 = Debug|Any CPU
		{CD8DAF56-5A40-462F-BF84-73A0954554C5}.Release|Any CPU.ActiveCfg = Release|Any CPU
		{CD8DAF56-5A40-462F-BF84-73A0954554C5}.Release|Any CPU.Build.0 = Release|Any CPU
		{5C0D3225-878D-4817-95B6-D7EBE8C82D21}.Debug|Any CPU.ActiveCfg = Debug|Any CPU
		{5C0D3225-878D-4817-95B6-D7EBE8C82D21}.Debug|Any CPU.Build.0 = Debug|Any CPU
		{5C0D3225-878D-4817-95B6-D7EBE8C82D21}.Release|Any CPU.ActiveCfg = Release|Any CPU
		{5C0D3225-878D-4817-95B6-D7EBE8C82D21}.Release|Any CPU.Build.0 = Release|Any CPU
		{6F3A1C50-9AF4-4AF6-BECB-A0BC02AC9695}.Debug|Any CPU.ActiveCfg = Debug|Any CPU
		{6F3A1C50-9AF4-4AF6-BECB-A0BC02AC9695}.Debug|Any CPU.Build.0 = Debug|Any CPU
		{6F3A1C50-9AF4-4AF6-BECB-A0BC02AC9695}.Release|Any CPU.ActiveCfg = Release|Any CPU
		{6F3A1C50-9AF4-4AF6-BECB-A0BC02AC9695}.Release|Any CPU.Build.0 = Release|Any CPU
	EndGlobalSection
	GlobalSection(SolutionProperties) = preSolution
		HideSolutionNode = FALSE
	EndGlobalSection
EndGlobal
